
Microsoft Visual Studio Solution File, Format Version 12.00
# Visual Studio Version 17
VisualStudioVersion = 17.3.32929.385
MinimumVisualStudioVersion = 10.0.40219.1
Project("{FAE04EC0-301F-11D3-BF4B-00C04F79EFBC}") = "BoardR", "BoardR\BoardR.csproj", "{684BD57C-94AC-424F-917A-A94296054C8A}"
EndProject
Global
	GlobalSection(SolutionConfigurationPlatforms) = preSolution
		Debug|Any CPU = Debug|Any CPU
		Release|Any CPU = Release|Any CPU
	EndGlobalSection
	GlobalSection(ProjectConfigurationPlatforms) = postSolution
		{684BD57C-94AC-424F-917A-A94296054C8A}.Debug|Any CPU.ActiveCfg = Debug|Any CPU
		{684BD57C-94AC-424F-917A-A94296054C8A}.Debug|Any CPU.Build.0 = Debug|Any CPU
		{684BD57C-94AC-424F-917A-A94296054C8A}.Release|Any CPU.ActiveCfg = Release|Any CPU
		{684BD57C-94AC-424F-917A-A94296054C8A}.Release|Any CPU.Build.0 = Release|Any CPU
	EndGlobalSection
	GlobalSection(SolutionProperties) = preSolution
		HideSolutionNode = FALSE
	EndGlobalSection
	GlobalSection(ExtensibilityGlobals) = postSolution
		SolutionGuid = {E70352A5-3A63-44A4-87A8-EFFFAA429DB6}
	EndGlobalSection
EndGlobal
